
Microsoft Visual Studio Solution File, Format Version 12.00
# Visual Studio Version 16
VisualStudioVersion = 16.0.29230.47
MinimumVisualStudioVersion = 10.0.40219.1
Project("{FAE04EC0-301F-11D3-BF4B-00C04F79EFBC}") = "Otomata_Odev_18", "Otomata_Odev_18\Otomata_Odev_18.csproj", "{90DDD72B-2238-4E63-BF37-4C44D98DE087}"
EndProject
Global
	GlobalSection(SolutionConfigurationPlatforms) = preSolution
		Debug|Any CPU = Debug|Any CPU
		Release|Any CPU = Release|Any CPU
	EndGlobalSection
	GlobalSection(ProjectConfigurationPlatforms) = postSolution
		{90DDD72B-2238-4E63-BF37-4C44D98DE087}.Debug|Any CPU.ActiveCfg = Debug|Any CPU
		{90DDD72B-2238-4E63-BF37-4C44D98DE087}.Debug|Any CPU.Build.0 = Debug|Any CPU
		{90DDD72B-2238-4E63-BF37-4C44D98DE087}.Release|Any CPU.ActiveCfg = Release|Any CPU
		{90DDD72B-2238-4E63-BF37-4C44D98DE087}.Release|Any CPU.Build.0 = Release|Any CPU
	EndGlobalSection
	GlobalSection(SolutionProperties) = preSolution
		HideSolutionNode = FALSE
	EndGlobalSection
	GlobalSection(ExtensibilityGlobals) = postSolution
		SolutionGuid = {6E4F32EC-AAA5-44CC-A659-108F3A6AA6AE}
	EndGlobalSection
EndGlobal
